// !$*UTF8*$!
{
	archiveVersion = 1;
	classes = {
	};
	objectVersion = 50;
	objects = {

/* Begin PBXBuildFile section */
		1853365D2717447100DF5752 /* AppDelegate.swift in Sources */ = {isa = PBXBuildFile; fileRef = 1853365C2717447100DF5752 /* AppDelegate.swift */; };
		1853365F2717447100DF5752 /* SceneDelegate.swift in Sources */ = {isa = PBXBuildFile; fileRef = 1853365E2717447100DF5752 /* SceneDelegate.swift */; };
		185336612717447100DF5752 /* ViewController.swift in Sources */ = {isa = PBXBuildFile; fileRef = 185336602717447100DF5752 /* ViewController.swift */; };
		185336642717447100DF5752 /* Main.storyboard in Resources */ = {isa = PBXBuildFile; fileRef = 185336622717447100DF5752 /* Main.storyboard */; };
		185336662717447300DF5752 /* Assets.xcassets in Resources */ = {isa = PBXBuildFile; fileRef = 185336652717447300DF5752 /* Assets.xcassets */; };
		185336692717447300DF5752 /* LaunchScreen.storyboard in Resources */ = {isa = PBXBuildFile; fileRef = 185336672717447300DF5752 /* LaunchScreen.storyboard */; };
		1855574427174D8200BFA14A /* AddPushNotificationViewController.swift in Sources */ = {isa = PBXBuildFile; fileRef = 1855574327174D8200BFA14A /* AddPushNotificationViewController.swift */; };
		185557482717532100BFA14A /* Constant.swift in Sources */ = {isa = PBXBuildFile; fileRef = 185557472717532100BFA14A /* Constant.swift */; };
		1855574B2717554200BFA14A /* UserModel.swift in Sources */ = {isa = PBXBuildFile; fileRef = 1855574A2717554200BFA14A /* UserModel.swift */; };
/* End PBXBuildFile section */

/* Begin PBXFileReference section */
		185336592717447100DF5752 /* ToDoApp.app */ = {isa = PBXFileReference; explicitFileType = wrapper.application; includeInIndex = 0; path = ToDoApp.app; sourceTree = BUILT_PRODUCTS_DIR; };
		1853365C2717447100DF5752 /* AppDelegate.swift */ = {isa = PBXFileReference; lastKnownFileType = sourcecode.swift; path = AppDelegate.swift; sourceTree = "<group>"; };
		1853365E2717447100DF5752 /* SceneDelegate.swift */ = {isa = PBXFileReference; lastKnownFileType = sourcecode.swift; path = SceneDelegate.swift; sourceTree = "<group>"; };
		185336602717447100DF5752 /* ViewController.swift */ = {isa = PBXFileReference; lastKnownFileType = sourcecode.swift; path = ViewController.swift; sourceTree = "<group>"; };
		185336632717447100DF5752 /* Base */ = {isa = PBXFileReference; lastKnownFileType = file.storyboard; name = Base; path = Base.lproj/Main.storyboard; sourceTree = "<group>"; };
		185336652717447300DF5752 /* Assets.xcassets */ = {isa = PBXFileReference; lastKnownFileType = folder.assetcatalog; path = Assets.xcassets; sourceTree = "<group>"; };
		185336682717447300DF5752 /* Base */ = {isa = PBXFileReference; lastKnownFileType = file.storyboard; name = Base; path = Base.lproj/LaunchScreen.storyboard; sourceTree = "<group>"; };
		1853366A2717447300DF5752 /* Info.plist */ = {isa = PBXFileReference; lastKnownFileType = text.plist.xml; path = Info.plist; sourceTree = "<group>"; };
		1855574327174D8200BFA14A /* AddPushNotificationViewController.swift */ = {isa = PBXFileReference; lastKnownFileType = sourcecode.swift; path = AddPushNotificationViewController.swift; sourceTree = "<group>"; };
		185557472717532100BFA14A /* Constant.swift */ = {isa = PBXFileReference; lastKnownFileType = sourcecode.swift; path = Constant.swift; sourceTree = "<group>"; };
		1855574A2717554200BFA14A /* UserModel.swift */ = {isa = PBXFileReference; lastKnownFileType = sourcecode.swift; path = UserModel.swift; sourceTree = "<group>"; };
/* End PBXFileReference section */

/* Begin PBXFrameworksBuildPhase section */
		185336562717447100DF5752 /* Frameworks */ = {
			isa = PBXFrameworksBuildPhase;
			buildActionMask = 2147483647;
			files = (
			);
			runOnlyForDeploymentPostprocessing = 0;
		};
/* End PBXFrameworksBuildPhase section */

/* Begin PBXGroup section */
		185336502717447100DF5752 = {
			isa = PBXGroup;
			children = (
				1853365B2717447100DF5752 /* ToDoApp */,
				1853365A2717447100DF5752 /* Products */,
			);
			sourceTree = "<group>";
		};
		1853365A2717447100DF5752 /* Products */ = {
			isa = PBXGroup;
			children = (
				185336592717447100DF5752 /* ToDoApp.app */,
			);
			name = Products;
			sourceTree = "<group>";
		};
		1853365B2717447100DF5752 /* ToDoApp */ = {
			isa = PBXGroup;
			children = (
				1853365C2717447100DF5752 /* AppDelegate.swift */,
				1853365E2717447100DF5752 /* SceneDelegate.swift */,
				185557462717530900BFA14A /* Constant */,
				185336BA271748A700DF5752 /* Model */,
				185336BB271748AE00DF5752 /* View */,
				185336BC271748BE00DF5752 /* ViewModel */,
				185336B92717489400DF5752 /* ViewController */,
				185336622717447100DF5752 /* Main.storyboard */,
				185336672717447300DF5752 /* LaunchScreen.storyboard */,
				185336652717447300DF5752 /* Assets.xcassets */,
				1853366A2717447300DF5752 /* Info.plist */,
			);
			path = ToDoApp;
			sourceTree = "<group>";
		};
		185336B92717489400DF5752 /* ViewController */ = {
			isa = PBXGroup;
			children = (
				185336602717447100DF5752 /* ViewController.swift */,
				1855574327174D8200BFA14A /* AddPushNotificationViewController.swift */,
			);
			path = ViewController;
			sourceTree = "<group>";
		};
		185336BA271748A700DF5752 /* Model */ = {
			isa = PBXGroup;
			children = (
			);
			path = Model;
			sourceTree = "<group>";
		};
		185336BB271748AE00DF5752 /* View */ = {
			isa = PBXGroup;
			children = (
				1855574A2717554200BFA14A /* UserModel.swift */,
			);
			path = View;
			sourceTree = "<group>";
		};
		185336BC271748BE00DF5752 /* ViewModel */ = {
			isa = PBXGroup;
			children = (
			);
			path = ViewModel;
			sourceTree = "<group>";
		};
		185557462717530900BFA14A /* Constant */ = {
			isa = PBXGroup;
			children = (
				185557472717532100BFA14A /* Constant.swift */,
			);
			path = Constant;
			sourceTree = "<group>";
		};
/* End PBXGroup section */

/* Begin PBXNativeTarget section */
		185336582717447100DF5752 /* ToDoApp */ = {
			isa = PBXNativeTarget;
			buildConfigurationList = 1853366D2717447300DF5752 /* Build configuration list for PBXNativeTarget "ToDoApp" */;
			buildPhases = (
				185336552717447100DF5752 /* Sources */,
				185336562717447100DF5752 /* Frameworks */,
				185336572717447100DF5752 /* Resources */,
			);
			buildRules = (
			);
			dependencies = (
			);
			name = ToDoApp;
			productName = ToDoApp;
			productReference = 185336592717447100DF5752 /* ToDoApp.app */;
			productType = "com.apple.product-type.application";
		};
/* End PBXNativeTarget section */

/* Begin PBXProject section */
		185336512717447100DF5752 /* Project object */ = {
			isa = PBXProject;
			attributes = {
				LastSwiftUpdateCheck = 1230;
				LastUpgradeCheck = 1230;
				TargetAttributes = {
					185336582717447100DF5752 = {
						CreatedOnToolsVersion = 12.3;
					};
				};
			};
			buildConfigurationList = 185336542717447100DF5752 /* Build configuration list for PBXProject "ToDoApp" */;
			compatibilityVersion = "Xcode 9.3";
			developmentRegion = en;
			hasScannedForEncodings = 0;
			knownRegions = (
				en,
				Base,
			);
			mainGroup = 185336502717447100DF5752;
			productRefGroup = 1853365A2717447100DF5752 /* Products */;
			projectDirPath = "";
			projectRoot = "";
			targets = (
				185336582717447100DF5752 /* ToDoApp */,
			);
		};
/* End PBXProject section */

/* Begin PBXResourcesBuildPhase section */
		185336572717447100DF5752 /* Resources */ = {
			isa = PBXResourcesBuildPhase;
			buildActionMask = 2147483647;
			files = (
				185336692717447300DF5752 /* LaunchScreen.storyboard in Resources */,
				185336662717447300DF5752 /* Assets.xcassets in Resources */,
				185336642717447100DF5752 /* Main.storyboard in Resources */,
			);
			runOnlyForDeploymentPostprocessing = 0;
		};
/* End PBXResourcesBuildPhase section */

/* Begin PBXSourcesBuildPhase section */
		185336552717447100DF5752 /* Sources */ = {
			isa = PBXSourcesBuildPhase;
			buildActionMask = 2147483647;
			files = (
				185336612717447100DF5752 /* ViewController.swift in Sources */,
				1855574427174D8200BFA14A /* AddPushNotificationViewController.swift in Sources */,
				185557482717532100BFA14A /* Constant.swift in Sources */,
				1853365D2717447100DF5752 /* AppDelegate.swift in Sources */,
				1855574B2717554200BFA14A /* UserModel.swift in Sources */,
				1853365F2717447100DF5752 /* SceneDelegate.swift in Sources */,
			);
			runOnlyForDeploymentPostprocessing = 0;
		};
/* End PBXSourcesBuildPhase section */

/* Begin PBXVariantGroup section */
		185336622717447100DF5752 /* Main.storyboard */ = {
			isa = PBXVariantGroup;
			children = (
				185336632717447100DF5752 /* Base */,
			);
			name = Main.storyboard;
			sourceTree = "<group>";
		};
		185336672717447300DF5752 /* LaunchScreen.storyboard */ = {
			isa = PBXVariantGroup;
			children = (
				185336682717447300DF5752 /* Base */,
			);
			name = LaunchScreen.storyboard;
			sourceTree = "<group>";
		};
/* End PBXVariantGroup section */

/* Begin XCBuildConfiguration section */
		1853366B2717447300DF5752 /* Debug */ = {
			isa = XCBuildConfiguration;
			buildSettings = {
				ALWAYS_SEARCH_USER_PATHS = NO;
				CLANG_ANALYZER_NONNULL = YES;
				CLANG_ANALYZER_NUMBER_OBJECT_CONVERSION = YES_AGGRESSIVE;
				CLANG_CXX_LANGUAGE_STANDARD = "gnu++14";
				CLANG_CXX_LIBRARY = "libc++";
				CLANG_ENABLE_MODULES = YES;
				CLANG_ENABLE_OBJC_ARC = YES;
				CLANG_ENABLE_OBJC_WEAK = YES;
				CLANG_WARN_BLOCK_CAPTURE_AUTORELEASING = YES;
				CLANG_WARN_BOOL_CONVERSION = YES;
				CLANG_WARN_COMMA = YES;
				CLANG_WARN_CONSTANT_CONVERSION = YES;
				CLANG_WARN_DEPRECATED_OBJC_IMPLEMENTATIONS = YES;
				CLANG_WARN_DIRECT_OBJC_ISA_USAGE = YES_ERROR;
				CLANG_WARN_DOCUMENTATION_COMMENTS = YES;
				CLANG_WARN_EMPTY_BODY = YES;
				CLANG_WARN_ENUM_CONVERSION = YES;
				CLANG_WARN_INFINITE_RECURSION = YES;
				CLANG_WARN_INT_CONVERSION = YES;
				CLANG_WARN_NON_LITERAL_NULL_CONVERSION = YES;
				CLANG_WARN_OBJC_IMPLICIT_RETAIN_SELF = YES;
				CLANG_WARN_OBJC_LITERAL_CONVERSION = YES;
				CLANG_WARN_OBJC_ROOT_CLASS = YES_ERROR;
				CLANG_WARN_QUOTED_INCLUDE_IN_FRAMEWORK_HEADER = YES;
				CLANG_WARN_RANGE_LOOP_ANALYSIS = YES;
				CLANG_WARN_STRICT_PROTOTYPES = YES;
				CLANG_WARN_SUSPICIOUS_MOVE = YES;
				CLANG_WARN_UNGUARDED_AVAILABILITY = YES_AGGRESSIVE;
				CLANG_WARN_UNREACHABLE_CODE = YES;
				CLANG_WARN__DUPLICATE_METHOD_MATCH = YES;
				COPY_PHASE_STRIP = NO;
				DEBUG_INFORMATION_FORMAT = dwarf;
				ENABLE_STRICT_OBJC_MSGSEND = YES;
				ENABLE_TESTABILITY = YES;
				GCC_C_LANGUAGE_STANDARD = gnu11;
				GCC_DYNAMIC_NO_PIC = NO;
				GCC_NO_COMMON_BLOCKS = YES;
				GCC_OPTIMIZATION_LEVEL = 0;
				GCC_PREPROCESSOR_DEFINITIONS = (
					"DEBUG=1",
					"$(inherited)",
				);
				GCC_WARN_64_TO_32_BIT_CONVERSION = YES;
				GCC_WARN_ABOUT_RETURN_TYPE = YES_ERROR;
				GCC_WARN_UNDECLARED_SELECTOR = YES;
				GCC_WARN_UNINITIALIZED_AUTOS = YES_AGGRESSIVE;
				GCC_WARN_UNUSED_FUNCTION = YES;
				GCC_WARN_UNUSED_VARIABLE = YES;
				IPHONEOS_DEPLOYMENT_TARGET = 14.3;
				MTL_ENABLE_DEBUG_INFO = INCLUDE_SOURCE;
				MTL_FAST_MATH = YES;
				ONLY_ACTIVE_ARCH = YES;
				SDKROOT = iphoneos;
				SWIFT_ACTIVE_COMPILATION_CONDITIONS = DEBUG;
				SWIFT_OPTIMIZATION_LEVEL = "-Onone";
			};
			name = Debug;
		};
		1853366C2717447300DF5752 /* Release */ = {
			isa = XCBuildConfiguration;
			buildSettings = {
				ALWAYS_SEARCH_USER_PATHS = NO;
				CLANG_ANALYZER_NONNULL = YES;
				CLANG_ANALYZER_NUMBER_OBJECT_CONVERSION = YES_AGGRESSIVE;
				CLANG_CXX_LANGUAGE_STANDARD = "gnu++14";
				CLANG_CXX_LIBRARY = "libc++";
				CLANG_ENABLE_MODULES = YES;
				CLANG_ENABLE_OBJC_ARC = YES;
				CLANG_ENABLE_OBJC_WEAK = YES;
				CLANG_WARN_BLOCK_CAPTURE_AUTORELEASING = YES;
				CLANG_WARN_BOOL_CONVERSION = YES;
				CLANG_WARN_COMMA = YES;
				CLANG_WARN_CONSTANT_CONVERSION = YES;
				CLANG_WARN_DEPRECATED_OBJC_IMPLEMENTATIONS = YES;
				CLANG_WARN_DIRECT_OBJC_ISA_USAGE = YES_ERROR;
				CLANG_WARN_DOCUMENTATION_COMMENTS = YES;
				CLANG_WARN_EMPTY_BODY = YES;
				CLANG_WARN_ENUM_CONVERSION = YES;
				CLANG_WARN_INFINITE_RECURSION = YES;
				CLANG_WARN_INT_CONVERSION = YES;
				CLANG_WARN_NON_LITERAL_NULL_CONVERSION = YES;
				CLANG_WARN_OBJC_IMPLICIT_RETAIN_SELF = YES;
				CLANG_WARN_OBJC_LITERAL_CONVERSION = YES;
				CLANG_WARN_OBJC_ROOT_CLASS = YES_ERROR;
				CLANG_WARN_QUOTED_INCLUDE_IN_FRAMEWORK_HEADER = YES;
				CLANG_WARN_RANGE_LOOP_ANALYSIS = YES;
				CLANG_WARN_STRICT_PROTOTYPES = YES;
				CLANG_WARN_SUSPICIOUS_MOVE = YES;
				CLANG_WARN_UNGUARDED_AVAILABILITY = YES_AGGRESSIVE;
				CLANG_WARN_UNREACHABLE_CODE = YES;
				CLANG_WARN__DUPLICATE_METHOD_MATCH = YES;
				COPY_PHASE_STRIP = NO;
				DEBUG_INFORMATION_FORMAT = "dwarf-with-dsym";
				ENABLE_NS_ASSERTIONS = NO;
				ENABLE_STRICT_OBJC_MSGSEND = YES;
				GCC_C_LANGUAGE_STANDARD = gnu11;
				GCC_NO_COMMON_BLOCKS = YES;
				GCC_WARN_64_TO_32_BIT_CONVERSION = YES;
				GCC_WARN_ABOUT_RETURN_TYPE = YES_ERROR;
				GCC_WARN_UNDECLARED_SELECTOR = YES;
				GCC_WARN_UNINITIALIZED_AUTOS = YES_AGGRESSIVE;
				GCC_WARN_UNUSED_FUNCTION = YES;
				GCC_WARN_UNUSED_VARIABLE = YES;
				IPHONEOS_DEPLOYMENT_TARGET = 14.3;
				MTL_ENABLE_DEBUG_INFO = NO;
				MTL_FAST_MATH = YES;
				SDKROOT = iphoneos;
				SWIFT_COMPILATION_MODE = wholemodule;
				SWIFT_OPTIMIZATION_LEVEL = "-O";
				VALIDATE_PRODUCT = YES;
			};
			name = Release;
		};
		1853366E2717447300DF5752 /* Debug */ = {
			isa = XCBuildConfiguration;
			buildSettings = {
				ASSETCATALOG_COMPILER_APPICON_NAME = AppIcon;
				ASSETCATALOG_COMPILER_GLOBAL_ACCENT_COLOR_NAME = AccentColor;
				CODE_SIGN_STYLE = Automatic;
				INFOPLIST_FILE = ToDoApp/Info.plist;
				LD_RUNPATH_SEARCH_PATHS = (
					"$(inherited)",
					"@executable_path/Frameworks",
				);
				PRODUCT_BUNDLE_IDENTIFIER = com.pdpsoftware.app.ToDoApp;
				PRODUCT_NAME = "$(TARGET_NAME)";
				SWIFT_VERSION = 5.0;
				TARGETED_DEVICE_FAMILY = "1,2";
			};
			name = Debug;
		};
		1853366F2717447300DF5752 /* Release */ = {
			isa = XCBuildConfiguration;
			buildSettings = {
				ASSETCATALOG_COMPILER_APPICON_NAME = AppIcon;
				ASSETCATALOG_COMPILER_GLOBAL_ACCENT_COLOR_NAME = AccentColor;
				CODE_SIGN_STYLE = Automatic;
				INFOPLIST_FILE = ToDoApp/Info.plist;
				LD_RUNPATH_SEARCH_PATHS = (
					"$(inherited)",
					"@executable_path/Frameworks",
				);
				PRODUCT_BUNDLE_IDENTIFIER = com.pdpsoftware.app.ToDoApp;
				PRODUCT_NAME = "$(TARGET_NAME)";
				SWIFT_VERSION = 5.0;
				TARGETED_DEVICE_FAMILY = "1,2";
			};
			name = Release;
		};
/* End XCBuildConfiguration section */

/* Begin XCConfigurationList section */
		185336542717447100DF5752 /* Build configuration list for PBXProject "ToDoApp" */ = {
			isa = XCConfigurationList;
			buildConfigurations = (
				1853366B2717447300DF5752 /* Debug */,
				1853366C2717447300DF5752 /* Release */,
			);
			defaultConfigurationIsVisible = 0;
			defaultConfigurationName = Release;
		};
		1853366D2717447300DF5752 /* Build configuration list for PBXNativeTarget "ToDoApp" */ = {
			isa = XCConfigurationList;
			buildConfigurations = (
				1853366E2717447300DF5752 /* Debug */,
				1853366F2717447300DF5752 /* Release */,
			);
			defaultConfigurationIsVisible = 0;
			defaultConfigurationName = Release;
		};
/* End XCConfigurationList section */
	};
	rootObject = 185336512717447100DF5752 /* Project object */;
}
